
Microsoft Visual Studio Solution File, Format Version 12.00
# Visual Studio Version 17
VisualStudioVersion = 17.9.34714.143
MinimumVisualStudioVersion = 10.0.40219.1
Project("{FAE04EC0-301F-11D3-BF4B-00C04F79EFBC}") = "Ticari_Otomasyon", "Ticari_Otomasyon\Ticari_Otomasyon.csproj", "{CE9779B1-58D8-4EB7-B513-0D270E62890A}"
EndProject
Global
	GlobalSection(SolutionConfigurationPlatforms) = preSolution
		Debug|Any CPU = Debug|Any CPU
		Release|Any CPU = Release|Any CPU
	EndGlobalSection
	GlobalSection(ProjectConfigurationPlatforms) = postSolution
		{CE9779B1-58D8-4EB7-B513-0D270E62890A}.Debug|Any CPU.ActiveCfg = Debug|Any CPU
		{CE9779B1-58D8-4EB7-B513-0D270E62890A}.Debug|Any CPU.Build.0 = Debug|Any CPU
		{CE9779B1-58D8-4EB7-B513-0D270E62890A}.Release|Any CPU.ActiveCfg = Release|Any CPU
		{CE9779B1-58D8-4EB7-B513-0D270E62890A}.Release|Any CPU.Build.0 = Release|Any CPU
	EndGlobalSection
	GlobalSection(SolutionProperties) = preSolution
		HideSolutionNode = FALSE
	EndGlobalSection
	GlobalSection(ExtensibilityGlobals) = postSolution
		SolutionGuid = {16F9936E-ECE1-4EB4-BA06-5275020585B6}
	EndGlobalSection
EndGlobal
